// !$*UTF8*$!
{
	archiveVersion = 1;
	classes = {
	};
	objectVersion = 56;
	objects = {

/* Begin PBXBuildFile section */
		F2DF85D32A6ED59E00156CA3 /* WatchToPhoneDTApp.swift in Sources */ = {isa = PBXBuildFile; fileRef = F2DF85D22A6ED59E00156CA3 /* WatchToPhoneDTApp.swift */; };
		F2DF85D52A6ED59E00156CA3 /* ContentView.swift in Sources */ = {isa = PBXBuildFile; fileRef = F2DF85D42A6ED59E00156CA3 /* ContentView.swift */; };
		F2DF85D72A6ED5A200156CA3 /* Assets.xcassets in Resources */ = {isa = PBXBuildFile; fileRef = F2DF85D62A6ED5A200156CA3 /* Assets.xcassets */; };
		F2DF85DA2A6ED5A200156CA3 /* Preview Assets.xcassets in Resources */ = {isa = PBXBuildFile; fileRef = F2DF85D92A6ED5A200156CA3 /* Preview Assets.xcassets */; };
		F2DF85E02A6ED5A200156CA3 /* WatchToPhoneDT Watch App.app in Embed Watch Content */ = {isa = PBXBuildFile; fileRef = F2DF85DF2A6ED5A200156CA3 /* WatchToPhoneDT Watch App.app */; settings = {ATTRIBUTES = (RemoveHeadersOnCopy, ); }; };
		F2DF85E52A6ED5A200156CA3 /* WatchToPhoneDTApp.swift in Sources */ = {isa = PBXBuildFile; fileRef = F2DF85E42A6ED5A200156CA3 /* WatchToPhoneDTApp.swift */; };
		F2DF85E72A6ED5A200156CA3 /* ContentView.swift in Sources */ = {isa = PBXBuildFile; fileRef = F2DF85E62A6ED5A200156CA3 /* ContentView.swift */; };
		F2DF85E92A6ED5A400156CA3 /* Assets.xcassets in Resources */ = {isa = PBXBuildFile; fileRef = F2DF85E82A6ED5A400156CA3 /* Assets.xcassets */; };
		F2DF85EC2A6ED5A400156CA3 /* Preview Assets.xcassets in Resources */ = {isa = PBXBuildFile; fileRef = F2DF85EB2A6ED5A400156CA3 /* Preview Assets.xcassets */; };
		F2DF85F72A6ED62E00156CA3 /* Bookmark.swift in Sources */ = {isa = PBXBuildFile; fileRef = F2DF85F62A6ED62D00156CA3 /* Bookmark.swift */; };
/* End PBXBuildFile section */

/* Begin PBXContainerItemProxy section */
		F2DF85E12A6ED5A200156CA3 /* PBXContainerItemProxy */ = {
			isa = PBXContainerItemProxy;
			containerPortal = F2DF85C72A6ED59E00156CA3 /* Project object */;
			proxyType = 1;
			remoteGlobalIDString = F2DF85DE2A6ED5A200156CA3;
			remoteInfo = "WatchToPhoneDT Watch App";
		};
/* End PBXContainerItemProxy section */

/* Begin PBXCopyFilesBuildPhase section */
		F2DF85F22A6ED5A400156CA3 /* Embed Watch Content */ = {
			isa = PBXCopyFilesBuildPhase;
			buildActionMask = 2147483647;
			dstPath = "$(CONTENTS_FOLDER_PATH)/Watch";
			dstSubfolderSpec = 16;
			files = (
				F2DF85E02A6ED5A200156CA3 /* WatchToPhoneDT Watch App.app in Embed Watch Content */,
			);
			name = "Embed Watch Content";
			runOnlyForDeploymentPostprocessing = 0;
		};
/* End PBXCopyFilesBuildPhase section */

/* Begin PBXFileReference section */
		F2DF85CF2A6ED59E00156CA3 /* WatchToPhoneDT.app */ = {isa = PBXFileReference; explicitFileType = wrapper.application; includeInIndex = 0; path = WatchToPhoneDT.app; sourceTree = BUILT_PRODUCTS_DIR; };
		F2DF85D22A6ED59E00156CA3 /* WatchToPhoneDTApp.swift */ = {isa = PBXFileReference; lastKnownFileType = sourcecode.swift; path = WatchToPhoneDTApp.swift; sourceTree = "<group>"; };
		F2DF85D42A6ED59E00156CA3 /* ContentView.swift */ = {isa = PBXFileReference; lastKnownFileType = sourcecode.swift; path = ContentView.swift; sourceTree = "<group>"; };
		F2DF85D62A6ED5A200156CA3 /* Assets.xcassets */ = {isa = PBXFileReference; lastKnownFileType = folder.assetcatalog; path = Assets.xcassets; sourceTree = "<group>"; };
		F2DF85D92A6ED5A200156CA3 /* Preview Assets.xcassets */ = {isa = PBXFileReference; lastKnownFileType = folder.assetcatalog; path = "Preview Assets.xcassets"; sourceTree = "<group>"; };
		F2DF85DF2A6ED5A200156CA3 /* WatchToPhoneDT Watch App.app */ = {isa = PBXFileReference; explicitFileType = wrapper.application; includeInIndex = 0; path = "WatchToPhoneDT Watch App.app"; sourceTree = BUILT_PRODUCTS_DIR; };
		F2DF85E42A6ED5A200156CA3 /* WatchToPhoneDTApp.swift */ = {isa = PBXFileReference; lastKnownFileType = sourcecode.swift; path = WatchToPhoneDTApp.swift; sourceTree = "<group>"; };
		F2DF85E62A6ED5A200156CA3 /* ContentView.swift */ = {isa = PBXFileReference; lastKnownFileType = sourcecode.swift; path = ContentView.swift; sourceTree = "<group>"; };
		F2DF85E82A6ED5A400156CA3 /* Assets.xcassets */ = {isa = PBXFileReference; lastKnownFileType = folder.assetcatalog; path = Assets.xcassets; sourceTree = "<group>"; };
		F2DF85EB2A6ED5A400156CA3 /* Preview Assets.xcassets */ = {isa = PBXFileReference; lastKnownFileType = folder.assetcatalog; path = "Preview Assets.xcassets"; sourceTree = "<group>"; };
		F2DF85F62A6ED62D00156CA3 /* Bookmark.swift */ = {isa = PBXFileReference; lastKnownFileType = sourcecode.swift; path = Bookmark.swift; sourceTree = "<group>"; };
/* End PBXFileReference section */

/* Begin PBXFrameworksBuildPhase section */
		F2DF85CC2A6ED59E00156CA3 /* Frameworks */ = {
			isa = PBXFrameworksBuildPhase;
			buildActionMask = 2147483647;
			files = (
			);
			runOnlyForDeploymentPostprocessing = 0;
		};
		F2DF85DC2A6ED5A200156CA3 /* Frameworks */ = {
			isa = PBXFrameworksBuildPhase;
			buildActionMask = 2147483647;
			files = (
			);
			runOnlyForDeploymentPostprocessing = 0;
		};
/* End PBXFrameworksBuildPhase section */

/* Begin PBXGroup section */
		F2DF85C62A6ED59E00156CA3 = {
			isa = PBXGroup;
			children = (
				F2DF85D12A6ED59E00156CA3 /* WatchToPhoneDT */,
				F2DF85E32A6ED5A200156CA3 /* WatchToPhoneDT Watch App */,
				F2DF85D02A6ED59E00156CA3 /* Products */,
			);
			sourceTree = "<group>";
		};
		F2DF85D02A6ED59E00156CA3 /* Products */ = {
			isa = PBXGroup;
			children = (
				F2DF85CF2A6ED59E00156CA3 /* WatchToPhoneDT.app */,
				F2DF85DF2A6ED5A200156CA3 /* WatchToPhoneDT Watch App.app */,
			);
			name = Products;
			sourceTree = "<group>";
		};
		F2DF85D12A6ED59E00156CA3 /* WatchToPhoneDT */ = {
			isa = PBXGroup;
			children = (
				F2DF85D22A6ED59E00156CA3 /* WatchToPhoneDTApp.swift */,
				F2DF85D42A6ED59E00156CA3 /* ContentView.swift */,
				F2DF85D62A6ED5A200156CA3 /* Assets.xcassets */,
				F2DF85D82A6ED5A200156CA3 /* Preview Content */,
				F2DF85F62A6ED62D00156CA3 /* Bookmark.swift */,
			);
			path = WatchToPhoneDT;
			sourceTree = "<group>";
		};
		F2DF85D82A6ED5A200156CA3 /* Preview Content */ = {
			isa = PBXGroup;
			children = (
				F2DF85D92A6ED5A200156CA3 /* Preview Assets.xcassets */,
			);
			path = "Preview Content";
			sourceTree = "<group>";
		};
		F2DF85E32A6ED5A200156CA3 /* WatchToPhoneDT Watch App */ = {
			isa = PBXGroup;
			children = (
				F2DF85E42A6ED5A200156CA3 /* WatchToPhoneDTApp.swift */,
				F2DF85E62A6ED5A200156CA3 /* ContentView.swift */,
				F2DF85E82A6ED5A400156CA3 /* Assets.xcassets */,
				F2DF85EA2A6ED5A400156CA3 /* Preview Content */,
			);
			path = "WatchToPhoneDT Watch App";
			sourceTree = "<group>";
		};
		F2DF85EA2A6ED5A400156CA3 /* Preview Content */ = {
			isa = PBXGroup;
			children = (
				F2DF85EB2A6ED5A400156CA3 /* Preview Assets.xcassets */,
			);
			path = "Preview Content";
			sourceTree = "<group>";
		};
/* End PBXGroup section */

/* Begin PBXNativeTarget section */
		F2DF85CE2A6ED59E00156CA3 /* WatchToPhoneDT */ = {
			isa = PBXNativeTarget;
			buildConfigurationList = F2DF85F32A6ED5A400156CA3 /* Build configuration list for PBXNativeTarget "WatchToPhoneDT" */;
			buildPhases = (
				F2DF85CB2A6ED59E00156CA3 /* Sources */,
				F2DF85CC2A6ED59E00156CA3 /* Frameworks */,
				F2DF85CD2A6ED59E00156CA3 /* Resources */,
				F2DF85F22A6ED5A400156CA3 /* Embed Watch Content */,
			);
			buildRules = (
			);
			dependencies = (
				F2DF85E22A6ED5A200156CA3 /* PBXTargetDependency */,
			);
			name = WatchToPhoneDT;
			productName = WatchToPhoneDT;
			productReference = F2DF85CF2A6ED59E00156CA3 /* WatchToPhoneDT.app */;
			productType = "com.apple.product-type.application";
		};
		F2DF85DE2A6ED5A200156CA3 /* WatchToPhoneDT Watch App */ = {
			isa = PBXNativeTarget;
			buildConfigurationList = F2DF85EF2A6ED5A400156CA3 /* Build configuration list for PBXNativeTarget "WatchToPhoneDT Watch App" */;
			buildPhases = (
				F2DF85DB2A6ED5A200156CA3 /* Sources */,
				F2DF85DC2A6ED5A200156CA3 /* Frameworks */,
				F2DF85DD2A6ED5A200156CA3 /* Resources */,
			);
			buildRules = (
			);
			dependencies = (
			);
			name = "WatchToPhoneDT Watch App";
			productName = "WatchToPhoneDT Watch App";
			productReference = F2DF85DF2A6ED5A200156CA3 /* WatchToPhoneDT Watch App.app */;
			productType = "com.apple.product-type.application";
		};
/* End PBXNativeTarget section */

/* Begin PBXProject section */
		F2DF85C72A6ED59E00156CA3 /* Project object */ = {
			isa = PBXProject;
			attributes = {
				BuildIndependentTargetsInParallel = 1;
				LastSwiftUpdateCheck = 1500;
				LastUpgradeCheck = 1500;
				TargetAttributes = {
					F2DF85CE2A6ED59E00156CA3 = {
						CreatedOnToolsVersion = 15.0;
					};
					F2DF85DE2A6ED5A200156CA3 = {
						CreatedOnToolsVersion = 15.0;
					};
				};
			};
			buildConfigurationList = F2DF85CA2A6ED59E00156CA3 /* Build configuration list for PBXProject "WatchToPhoneDT" */;
			compatibilityVersion = "Xcode 14.0";
			developmentRegion = en;
			hasScannedForEncodings = 0;
			knownRegions = (
				en,
				Base,
			);
			mainGroup = F2DF85C62A6ED59E00156CA3;
			productRefGroup = F2DF85D02A6ED59E00156CA3 /* Products */;
			projectDirPath = "";
			projectRoot = "";
			targets = (
				F2DF85CE2A6ED59E00156CA3 /* WatchToPhoneDT */,
				F2DF85DE2A6ED5A200156CA3 /* WatchToPhoneDT Watch App */,
			);
		};
/* End PBXProject section */

/* Begin PBXResourcesBuildPhase section */
		F2DF85CD2A6ED59E00156CA3 /* Resources */ = {
			isa = PBXResourcesBuildPhase;
			buildActionMask = 2147483647;
			files = (
				F2DF85DA2A6ED5A200156CA3 /* Preview Assets.xcassets in Resources */,
				F2DF85D72A6ED5A200156CA3 /* Assets.xcassets in Resources */,
			);
			runOnlyForDeploymentPostprocessing = 0;
		};
		F2DF85DD2A6ED5A200156CA3 /* Resources */ = {
			isa = PBXResourcesBuildPhase;
			buildActionMask = 2147483647;
			files = (
				F2DF85EC2A6ED5A400156CA3 /* Preview Assets.xcassets in Resources */,
				F2DF85E92A6ED5A400156CA3 /* Assets.xcassets in Resources */,
			);
			runOnlyForDeploymentPostprocessing = 0;
		};
/* End PBXResourcesBuildPhase section */

/* Begin PBXSourcesBuildPhase section */
		F2DF85CB2A6ED59E00156CA3 /* Sources */ = {
			isa = PBXSourcesBuildPhase;
			buildActionMask = 2147483647;
			files = (
				F2DF85D52A6ED59E00156CA3 /* ContentView.swift in Sources */,
				F2DF85D32A6ED59E00156CA3 /* WatchToPhoneDTApp.swift in Sources */,
				F2DF85F72A6ED62E00156CA3 /* Bookmark.swift in Sources */,
			);
			runOnlyForDeploymentPostprocessing = 0;
		};
		F2DF85DB2A6ED5A200156CA3 /* Sources */ = {
			isa = PBXSourcesBuildPhase;
			buildActionMask = 2147483647;
			files = (
				F2DF85E72A6ED5A200156CA3 /* ContentView.swift in Sources */,
				F2DF85E52A6ED5A200156CA3 /* WatchToPhoneDTApp.swift in Sources */,
			);
			runOnlyForDeploymentPostprocessing = 0;
		};
/* End PBXSourcesBuildPhase section */

/* Begin PBXTargetDependency section */
		F2DF85E22A6ED5A200156CA3 /* PBXTargetDependency */ = {
			isa = PBXTargetDependency;
			target = F2DF85DE2A6ED5A200156CA3 /* WatchToPhoneDT Watch App */;
			targetProxy = F2DF85E12A6ED5A200156CA3 /* PBXContainerItemProxy */;
		};
/* End PBXTargetDependency section */

/* Begin XCBuildConfiguration section */
		F2DF85ED2A6ED5A400156CA3 /* Debug */ = {
			isa = XCBuildConfiguration;
			buildSettings = {
				ALWAYS_SEARCH_USER_PATHS = NO;
				ASSETCATALOG_COMPILER_GENERATE_SWIFT_ASSET_SYMBOL_EXTENSIONS = YES;
				CLANG_ANALYZER_NONNULL = YES;
				CLANG_ANALYZER_NUMBER_OBJECT_CONVERSION = YES_AGGRESSIVE;
				CLANG_CXX_LANGUAGE_STANDARD = "gnu++20";
				CLANG_ENABLE_MODULES = YES;
				CLANG_ENABLE_OBJC_ARC = YES;
				CLANG_ENABLE_OBJC_WEAK = YES;
				CLANG_WARN_BLOCK_CAPTURE_AUTORELEASING = YES;
				CLANG_WARN_BOOL_CONVERSION = YES;
				CLANG_WARN_COMMA = YES;
				CLANG_WARN_CONSTANT_CONVERSION = YES;
				CLANG_WARN_DEPRECATED_OBJC_IMPLEMENTATIONS = YES;
				CLANG_WARN_DIRECT_OBJC_ISA_USAGE = YES_ERROR;
				CLANG_WARN_DOCUMENTATION_COMMENTS = YES;
				CLANG_WARN_EMPTY_BODY = YES;
				CLANG_WARN_ENUM_CONVERSION = YES;
				CLANG_WARN_INFINITE_RECURSION = YES;
				CLANG_WARN_INT_CONVERSION = YES;
				CLANG_WARN_NON_LITERAL_NULL_CONVERSION = YES;
				CLANG_WARN_OBJC_IMPLICIT_RETAIN_SELF = YES;
				CLANG_WARN_OBJC_LITERAL_CONVERSION = YES;
				CLANG_WARN_OBJC_ROOT_CLASS = YES_ERROR;
				CLANG_WARN_QUOTED_INCLUDE_IN_FRAMEWORK_HEADER = YES;
				CLANG_WARN_RANGE_LOOP_ANALYSIS = YES;
				CLANG_WARN_STRICT_PROTOTYPES = YES;
				CLANG_WARN_SUSPICIOUS_MOVE = YES;
				CLANG_WARN_UNGUARDED_AVAILABILITY = YES_AGGRESSIVE;
				CLANG_WARN_UNREACHABLE_CODE = YES;
				CLANG_WARN__DUPLICATE_METHOD_MATCH = YES;
				COPY_PHASE_STRIP = NO;
				DEBUG_INFORMATION_FORMAT = dwarf;
				ENABLE_STRICT_OBJC_MSGSEND = YES;
				ENABLE_TESTABILITY = YES;
				ENABLE_USER_SCRIPT_SANDBOXING = YES;
				GCC_C_LANGUAGE_STANDARD = gnu17;
				GCC_DYNAMIC_NO_PIC = NO;
				GCC_NO_COMMON_BLOCKS = YES;
				GCC_OPTIMIZATION_LEVEL = 0;
				GCC_PREPROCESSOR_DEFINITIONS = (
					"DEBUG=1",
					"$(inherited)",
				);
				GCC_WARN_64_TO_32_BIT_CONVERSION = YES;
				GCC_WARN_ABOUT_RETURN_TYPE = YES_ERROR;
				GCC_WARN_UNDECLARED_SELECTOR = YES;
				GCC_WARN_UNINITIALIZED_AUTOS = YES_AGGRESSIVE;
				GCC_WARN_UNUSED_FUNCTION = YES;
				GCC_WARN_UNUSED_VARIABLE = YES;
				LOCALIZATION_PREFERS_STRING_CATALOGS = YES;
				MTL_ENABLE_DEBUG_INFO = INCLUDE_SOURCE;
				MTL_FAST_MATH = YES;
				ONLY_ACTIVE_ARCH = YES;
				SWIFT_ACTIVE_COMPILATION_CONDITIONS = "DEBUG $(inherited)";
				SWIFT_OPTIMIZATION_LEVEL = "-Onone";
			};
			name = Debug;
		};
		F2DF85EE2A6ED5A400156CA3 /* Release */ = {
			isa = XCBuildConfiguration;
			buildSettings = {
				ALWAYS_SEARCH_USER_PATHS = NO;
				ASSETCATALOG_COMPILER_GENERATE_SWIFT_ASSET_SYMBOL_EXTENSIONS = YES;
				CLANG_ANALYZER_NONNULL = YES;
				CLANG_ANALYZER_NUMBER_OBJECT_CONVERSION = YES_AGGRESSIVE;
				CLANG_CXX_LANGUAGE_STANDARD = "gnu++20";
				CLANG_ENABLE_MODULES = YES;
				CLANG_ENABLE_OBJC_ARC = YES;
				CLANG_ENABLE_OBJC_WEAK = YES;
				CLANG_WARN_BLOCK_CAPTURE_AUTORELEASING = YES;
				CLANG_WARN_BOOL_CONVERSION = YES;
				CLANG_WARN_COMMA = YES;
				CLANG_WARN_CONSTANT_CONVERSION = YES;
				CLANG_WARN_DEPRECATED_OBJC_IMPLEMENTATIONS = YES;
				CLANG_WARN_DIRECT_OBJC_ISA_USAGE = YES_ERROR;
				CLANG_WARN_DOCUMENTATION_COMMENTS = YES;
				CLANG_WARN_EMPTY_BODY = YES;
				CLANG_WARN_ENUM_CONVERSION = YES;
				CLANG_WARN_INFINITE_RECURSION = YES;
				CLANG_WARN_INT_CONVERSION = YES;
				CLANG_WARN_NON_LITERAL_NULL_CONVERSION = YES;
				CLANG_WARN_OBJC_IMPLICIT_RETAIN_SELF = YES;
				CLANG_WARN_OBJC_LITERAL_CONVERSION = YES;
				CLANG_WARN_OBJC_ROOT_CLASS = YES_ERROR;
				CLANG_WARN_QUOTED_INCLUDE_IN_FRAMEWORK_HEADER = YES;
				CLANG_WARN_RANGE_LOOP_ANALYSIS = YES;
				CLANG_WARN_STRICT_PROTOTYPES = YES;
				CLANG_WARN_SUSPICIOUS_MOVE = YES;
				CLANG_WARN_UNGUARDED_AVAILABILITY = YES_AGGRESSIVE;
				CLANG_WARN_UNREACHABLE_CODE = YES;
				CLANG_WARN__DUPLICATE_METHOD_MATCH = YES;
				COPY_PHASE_STRIP = NO;
				DEBUG_INFORMATION_FORMAT = "dwarf-with-dsym";
				ENABLE_NS_ASSERTIONS = NO;
				ENABLE_STRICT_OBJC_MSGSEND = YES;
				ENABLE_USER_SCRIPT_SANDBOXING = YES;
				GCC_C_LANGUAGE_STANDARD = gnu17;
				GCC_NO_COMMON_BLOCKS = YES;
				GCC_WARN_64_TO_32_BIT_CONVERSION = YES;
				GCC_WARN_ABOUT_RETURN_TYPE = YES_ERROR;
				GCC_WARN_UNDECLARED_SELECTOR = YES;
				GCC_WARN_UNINITIALIZED_AUTOS = YES_AGGRESSIVE;
				GCC_WARN_UNUSED_FUNCTION = YES;
				GCC_WARN_UNUSED_VARIABLE = YES;
				LOCALIZATION_PREFERS_STRING_CATALOGS = YES;
				MTL_ENABLE_DEBUG_INFO = NO;
				MTL_FAST_MATH = YES;
				SWIFT_COMPILATION_MODE = wholemodule;
			};
			name = Release;
		};
		F2DF85F02A6ED5A400156CA3 /* Debug */ = {
			isa = XCBuildConfiguration;
			buildSettings = {
				ASSETCATALOG_COMPILER_APPICON_NAME = AppIcon;
				ASSETCATALOG_COMPILER_GLOBAL_ACCENT_COLOR_NAME = AccentColor;
				CODE_SIGN_STYLE = Automatic;
				CURRENT_PROJECT_VERSION = 1;
				DEVELOPMENT_ASSET_PATHS = "\"WatchToPhoneDT Watch App/Preview Content\"";
				DEVELOPMENT_TEAM = VT9QW74UCT;
				ENABLE_PREVIEWS = YES;
				GENERATE_INFOPLIST_FILE = YES;
				INFOPLIST_KEY_CFBundleDisplayName = WatchToPhoneDT;
				INFOPLIST_KEY_UISupportedInterfaceOrientations = "UIInterfaceOrientationPortrait UIInterfaceOrientationPortraitUpsideDown";
				INFOPLIST_KEY_WKCompanionAppBundleIdentifier = com.JoynalAbedin.WatchToPhoneDT;
				LD_RUNPATH_SEARCH_PATHS = (
					"$(inherited)",
					"@executable_path/Frameworks",
				);
				MARKETING_VERSION = 1.0;
				PRODUCT_BUNDLE_IDENTIFIER = com.JoynalAbedin.WatchToPhoneDT.watchkitapp;
				PRODUCT_NAME = "$(TARGET_NAME)";
				SDKROOT = watchos;
				SKIP_INSTALL = YES;
				SWIFT_EMIT_LOC_STRINGS = YES;
				SWIFT_VERSION = 5.0;
				TARGETED_DEVICE_FAMILY = 4;
				WATCHOS_DEPLOYMENT_TARGET = 10.0;
			};
			name = Debug;
		};
		F2DF85F12A6ED5A400156CA3 /* Release */ = {
			isa = XCBuildConfiguration;
			buildSettings = {
				ASSETCATALOG_COMPILER_APPICON_NAME = AppIcon;
				ASSETCATALOG_COMPILER_GLOBAL_ACCENT_COLOR_NAME = AccentColor;
				CODE_SIGN_STYLE = Automatic;
				CURRENT_PROJECT_VERSION = 1;
				DEVELOPMENT_ASSET_PATHS = "\"WatchToPhoneDT Watch App/Preview Content\"";
				DEVELOPMENT_TEAM = VT9QW74UCT;
				ENABLE_PREVIEWS = YES;
				GENERATE_INFOPLIST_FILE = YES;
				INFOPLIST_KEY_CFBundleDisplayName = WatchToPhoneDT;
				INFOPLIST_KEY_UISupportedInterfaceOrientations = "UIInterfaceOrientationPortrait UIInterfaceOrientationPortraitUpsideDown";
				INFOPLIST_KEY_WKCompanionAppBundleIdentifier = com.JoynalAbedin.WatchToPhoneDT;
				LD_RUNPATH_SEARCH_PATHS = (
					"$(inherited)",
					"@executable_path/Frameworks",
				);
				MARKETING_VERSION = 1.0;
				PRODUCT_BUNDLE_IDENTIFIER = com.JoynalAbedin.WatchToPhoneDT.watchkitapp;
				PRODUCT_NAME = "$(TARGET_NAME)";
				SDKROOT = watchos;
				SKIP_INSTALL = YES;
				SWIFT_EMIT_LOC_STRINGS = YES;
				SWIFT_VERSION = 5.0;
				TARGETED_DEVICE_FAMILY = 4;
				VALIDATE_PRODUCT = YES;
				WATCHOS_DEPLOYMENT_TARGET = 10.0;
			};
			name = Release;
		};
		F2DF85F42A6ED5A400156CA3 /* Debug */ = {
			isa = XCBuildConfiguration;
			buildSettings = {
				ALWAYS_EMBED_SWIFT_STANDARD_LIBRARIES = YES;
				ASSETCATALOG_COMPILER_APPICON_NAME = AppIcon;
				ASSETCATALOG_COMPILER_GLOBAL_ACCENT_COLOR_NAME = AccentColor;
				CODE_SIGN_STYLE = Automatic;
				CURRENT_PROJECT_VERSION = 1;
				DEVELOPMENT_ASSET_PATHS = "\"WatchToPhoneDT/Preview Content\"";
				DEVELOPMENT_TEAM = VT9QW74UCT;
				ENABLE_PREVIEWS = YES;
				GENERATE_INFOPLIST_FILE = YES;
				INFOPLIST_KEY_CFBundleDisplayName = WatchToPhoneDT;
				INFOPLIST_KEY_UIApplicationSceneManifest_Generation = YES;
				INFOPLIST_KEY_UIApplicationSupportsIndirectInputEvents = YES;
				INFOPLIST_KEY_UILaunchScreen_Generation = YES;
				INFOPLIST_KEY_UISupportedInterfaceOrientations_iPad = "UIInterfaceOrientationPortrait UIInterfaceOrientationPortraitUpsideDown UIInterfaceOrientationLandscapeLeft UIInterfaceOrientationLandscapeRight";
				INFOPLIST_KEY_UISupportedInterfaceOrientations_iPhone = "UIInterfaceOrientationPortrait UIInterfaceOrientationLandscapeLeft UIInterfaceOrientationLandscapeRight";
				IPHONEOS_DEPLOYMENT_TARGET = 17.0;
				LD_RUNPATH_SEARCH_PATHS = (
					"$(inherited)",
					"@executable_path/Frameworks",
				);
				MARKETING_VERSION = 1.0;
				PRODUCT_BUNDLE_IDENTIFIER = com.JoynalAbedin.WatchToPhoneDT;
				PRODUCT_NAME = "$(TARGET_NAME)";
				SDKROOT = iphoneos;
				SWIFT_EMIT_LOC_STRINGS = YES;
				SWIFT_VERSION = 5.0;
				TARGETED_DEVICE_FAMILY = "1,2";
			};
			name = Debug;
		};
		F2DF85F52A6ED5A400156CA3 /* Release */ = {
			isa = XCBuildConfiguration;
			buildSettings = {
				ALWAYS_EMBED_SWIFT_STANDARD_LIBRARIES = YES;
				ASSETCATALOG_COMPILER_APPICON_NAME = AppIcon;
				ASSETCATALOG_COMPILER_GLOBAL_ACCENT_COLOR_NAME = AccentColor;
				CODE_SIGN_STYLE = Automatic;
				CURRENT_PROJECT_VERSION = 1;
				DEVELOPMENT_ASSET_PATHS = "\"WatchToPhoneDT/Preview Content\"";
				DEVELOPMENT_TEAM = VT9QW74UCT;
				ENABLE_PREVIEWS = YES;
				GENERATE_INFOPLIST_FILE = YES;
				INFOPLIST_KEY_CFBundleDisplayName = WatchToPhoneDT;
				INFOPLIST_KEY_UIApplicationSceneManifest_Generation = YES;
				INFOPLIST_KEY_UIApplicationSupportsIndirectInputEvents = YES;
				INFOPLIST_KEY_UILaunchScreen_Generation = YES;
				INFOPLIST_KEY_UISupportedInterfaceOrientations_iPad = "UIInterfaceOrientationPortrait UIInterfaceOrientationPortraitUpsideDown UIInterfaceOrientationLandscapeLeft UIInterfaceOrientationLandscapeRight";
				INFOPLIST_KEY_UISupportedInterfaceOrientations_iPhone = "UIInterfaceOrientationPortrait UIInterfaceOrientationLandscapeLeft UIInterfaceOrientationLandscapeRight";
				IPHONEOS_DEPLOYMENT_TARGET = 17.0;
				LD_RUNPATH_SEARCH_PATHS = (
					"$(inherited)",
					"@executable_path/Frameworks",
				);
				MARKETING_VERSION = 1.0;
				PRODUCT_BUNDLE_IDENTIFIER = com.JoynalAbedin.WatchToPhoneDT;
				PRODUCT_NAME = "$(TARGET_NAME)";
				SDKROOT = iphoneos;
				SWIFT_EMIT_LOC_STRINGS = YES;
				SWIFT_VERSION = 5.0;
				TARGETED_DEVICE_FAMILY = "1,2";
				VALIDATE_PRODUCT = YES;
			};
			name = Release;
		};
/* End XCBuildConfiguration section */

/* Begin XCConfigurationList section */
		F2DF85CA2A6ED59E00156CA3 /* Build configuration list for PBXProject "WatchToPhoneDT" */ = {
			isa = XCConfigurationList;
			buildConfigurations = (
				F2DF85ED2A6ED5A400156CA3 /* Debug */,
				F2DF85EE2A6ED5A400156CA3 /* Release */,
			);
			defaultConfigurationIsVisible = 0;
			defaultConfigurationName = Release;
		};
		F2DF85EF2A6ED5A400156CA3 /* Build configuration list for PBXNativeTarget "WatchToPhoneDT Watch App" */ = {
			isa = XCConfigurationList;
			buildConfigurations = (
				F2DF85F02A6ED5A400156CA3 /* Debug */,
				F2DF85F12A6ED5A400156CA3 /* Release */,
			);
			defaultConfigurationIsVisible = 0;
			defaultConfigurationName = Release;
		};
		F2DF85F32A6ED5A400156CA3 /* Build configuration list for PBXNativeTarget "WatchToPhoneDT" */ = {
			isa = XCConfigurationList;
			buildConfigurations = (
				F2DF85F42A6ED5A400156CA3 /* Debug */,
				F2DF85F52A6ED5A400156CA3 /* Release */,
			);
			defaultConfigurationIsVisible = 0;
			defaultConfigurationName = Release;
		};
/* End XCConfigurationList section */
	};
	rootObject = F2DF85C72A6ED59E00156CA3 /* Project object */;
}
